
Microsoft Visual Studio Solution File, Format Version 12.00
# Visual Studio 15
VisualStudioVersion = 15.0.26730.12
MinimumVisualStudioVersion = 10.0.40219.1
Project("{FAE04EC0-301F-11D3-BF4B-00C04F79EFBC}") = "Translator2", "Translator2\Translator2.csproj", "{30867943-8B98-4E8B-98F3-6CB60968E536}"
EndProject
Global
	GlobalSection(SolutionConfigurationPlatforms) = preSolution
		Debug|Any CPU = Debug|Any CPU
		Release|Any CPU = Release|Any CPU
	EndGlobalSection
	GlobalSection(ProjectConfigurationPlatforms) = postSolution
		{30867943-8B98-4E8B-98F3-6CB60968E536}.Debug|Any CPU.ActiveCfg = Debug|Any CPU
		{30867943-8B98-4E8B-98F3-6CB60968E536}.Debug|Any CPU.Build.0 = Debug|Any CPU
		{30867943-8B98-4E8B-98F3-6CB60968E536}.Release|Any CPU.ActiveCfg = Release|Any CPU
		{30867943-8B98-4E8B-98F3-6CB60968E536}.Release|Any CPU.Build.0 = Release|Any CPU
	EndGlobalSection
	GlobalSection(SolutionProperties) = preSolution
		HideSolutionNode = FALSE
	EndGlobalSection
	GlobalSection(ExtensibilityGlobals) = postSolution
		SolutionGuid = {D4041612-D167-4763-82E0-C05DA7CAF564}
	EndGlobalSection
EndGlobal
